
Microsoft Visual Studio Solution File, Format Version 12.00
# Visual Studio Version 16
VisualStudioVersion = 16.0.31105.61
MinimumVisualStudioVersion = 10.0.40219.1
Project("{9A19103F-16F7-4668-BE54-9A1E7A4F7556}") = "ChatWebSocket", "ChatWebSocket.csproj", "{BCB82015-6F21-4A6A-970A-E580F1D87F62}"
EndProject
Global
	GlobalSection(SolutionConfigurationPlatforms) = preSolution
		Debug|Any CPU = Debug|Any CPU
		Release|Any CPU = Release|Any CPU
	EndGlobalSection
	GlobalSection(ProjectConfigurationPlatforms) = postSolution
		{BCB82015-6F21-4A6A-970A-E580F1D87F62}.Debug|Any CPU.ActiveCfg = Debug|Any CPU
		{BCB82015-6F21-4A6A-970A-E580F1D87F62}.Debug|Any CPU.Build.0 = Debug|Any CPU
		{BCB82015-6F21-4A6A-970A-E580F1D87F62}.Release|Any CPU.ActiveCfg = Release|Any CPU
		{BCB82015-6F21-4A6A-970A-E580F1D87F62}.Release|Any CPU.Build.0 = Release|Any CPU
	EndGlobalSection
	GlobalSection(SolutionProperties) = preSolution
		HideSolutionNode = FALSE
	EndGlobalSection
	GlobalSection(ExtensibilityGlobals) = postSolution
		SolutionGuid = {2B3A6582-1326-40FC-9897-6F9209B5189D}
	EndGlobalSection
EndGlobal
